
Microsoft Visual Studio Solution File, Format Version 12.00
# Visual Studio Version 16
VisualStudioVersion = 16.0.33801.447
MinimumVisualStudioVersion = 10.0.40219.1
Project("{FAE04EC0-301F-11D3-BF4B-00C04F79EFBC}") = "RLog", "RLog\RLoggerLib\RLog.csproj", "{D045BB52-12BA-45AF-AA69-14B7A6480AC0}"
EndProject
Project("{FAE04EC0-301F-11D3-BF4B-00C04F79EFBC}") = "SocketIOTestClient", "SocketIOTestClient\SocketIOTestClient.csproj", "{697F6BD4-E87B-48F8-A17A-D601D93C2F7E}"
EndProject
Global
	GlobalSection(SolutionConfigurationPlatforms) = preSolution
		Debug|Any CPU = Debug|Any CPU
		Release|Any CPU = Release|Any CPU
	EndGlobalSection
	GlobalSection(ProjectConfigurationPlatforms) = postSolution
		{D045BB52-12BA-45AF-AA69-14B7A6480AC0}.Debug|Any CPU.ActiveCfg = Debug|Any CPU
		{D045BB52-12BA-45AF-AA69-14B7A6480AC0}.Debug|Any CPU.Build.0 = Debug|Any CPU
		{D045BB52-12BA-45AF-AA69-14B7A6480AC0}.Release|Any CPU.ActiveCfg = Release|Any CPU
		{D045BB52-12BA-45AF-AA69-14B7A6480AC0}.Release|Any CPU.Build.0 = Release|Any CPU
		{697F6BD4-E87B-48F8-A17A-D601D93C2F7E}.Debug|Any CPU.ActiveCfg = Debug|Any CPU
		{697F6BD4-E87B-48F8-A17A-D601D93C2F7E}.Debug|Any CPU.Build.0 = Debug|Any CPU
		{697F6BD4-E87B-48F8-A17A-D601D93C2F7E}.Release|Any CPU.ActiveCfg = Release|Any CPU
		{697F6BD4-E87B-48F8-A17A-D601D93C2F7E}.Release|Any CPU.Build.0 = Release|Any CPU
	EndGlobalSection
	GlobalSection(SolutionProperties) = preSolution
		HideSolutionNode = FALSE
	EndGlobalSection
	GlobalSection(ExtensibilityGlobals) = postSolution
		SolutionGuid = {F7531D17-5DEC-40E4-9463-10E68FFD7EEB}
	EndGlobalSection
EndGlobal
